// !$*UTF8*$!
{
	archiveVersion = 1;
	classes = {
	};
	objectVersion = 46;
	objects = {

/* Begin PBXBuildFile section */
		AF6F1E971B9C3AF600260C65 /* main.swift in Sources */ = {isa = PBXBuildFile; fileRef = AF6F1E961B9C3AF600260C65 /* main.swift */; };
		AF6F1E9E1B9C3C5800260C65 /* Enum.swift in Sources */ = {isa = PBXBuildFile; fileRef = AF6F1E9D1B9C3C5800260C65 /* Enum.swift */; settings = {ASSET_TAGS = (); }; };
		AF6F1EA61B9C3E5800260C65 /* Tests.swift in Sources */ = {isa = PBXBuildFile; fileRef = AF6F1EA51B9C3E5800260C65 /* Tests.swift */; };
		AF6F1EAB1B9C3E5F00260C65 /* Enum.swift in Sources */ = {isa = PBXBuildFile; fileRef = AF6F1E9D1B9C3C5800260C65 /* Enum.swift */; settings = {ASSET_TAGS = (); }; };
		AFB300CA1B9C4D2A00E7F968 /* CustomRawEnum.swift in Sources */ = {isa = PBXBuildFile; fileRef = AFB300C91B9C4D2A00E7F968 /* CustomRawEnum.swift */; settings = {ASSET_TAGS = (); }; };
		AFB300CB1B9C509400E7F968 /* CustomRawEnum.swift in Sources */ = {isa = PBXBuildFile; fileRef = AFB300C91B9C4D2A00E7F968 /* CustomRawEnum.swift */; settings = {ASSET_TAGS = (); }; };
/* End PBXBuildFile section */

/* Begin PBXCopyFilesBuildPhase section */
		AF6F1E911B9C3AF600260C65 /* CopyFiles */ = {
			isa = PBXCopyFilesBuildPhase;
			buildActionMask = 2147483647;
			dstPath = /usr/share/man/man1/;
			dstSubfolderSpec = 0;
			files = (
			);
			runOnlyForDeploymentPostprocessing = 1;
		};
/* End PBXCopyFilesBuildPhase section */

/* Begin PBXFileReference section */
		AF6F1E931B9C3AF600260C65 /* EnumTests */ = {isa = PBXFileReference; explicitFileType = "compiled.mach-o.executable"; includeInIndex = 0; path = EnumTests; sourceTree = BUILT_PRODUCTS_DIR; };
		AF6F1E961B9C3AF600260C65 /* main.swift */ = {isa = PBXFileReference; lastKnownFileType = sourcecode.swift; path = main.swift; sourceTree = "<group>"; };
		AF6F1E9D1B9C3C5800260C65 /* Enum.swift */ = {isa = PBXFileReference; fileEncoding = 4; lastKnownFileType = sourcecode.swift; path = Enum.swift; sourceTree = "<group>"; };
		AF6F1EA31B9C3E5800260C65 /* Tests.xctest */ = {isa = PBXFileReference; explicitFileType = wrapper.cfbundle; includeInIndex = 0; path = Tests.xctest; sourceTree = BUILT_PRODUCTS_DIR; };
		AF6F1EA51B9C3E5800260C65 /* Tests.swift */ = {isa = PBXFileReference; lastKnownFileType = sourcecode.swift; path = Tests.swift; sourceTree = "<group>"; };
		AF6F1EA71B9C3E5800260C65 /* Info.plist */ = {isa = PBXFileReference; lastKnownFileType = text.plist.xml; path = Info.plist; sourceTree = "<group>"; };
		AFB300C91B9C4D2A00E7F968 /* CustomRawEnum.swift */ = {isa = PBXFileReference; fileEncoding = 4; lastKnownFileType = sourcecode.swift; path = CustomRawEnum.swift; sourceTree = "<group>"; };
/* End PBXFileReference section */

/* Begin PBXFrameworksBuildPhase section */
		AF6F1E901B9C3AF600260C65 /* Frameworks */ = {
			isa = PBXFrameworksBuildPhase;
			buildActionMask = 2147483647;
			files = (
			);
			runOnlyForDeploymentPostprocessing = 0;
		};
		AF6F1EA01B9C3E5800260C65 /* Frameworks */ = {
			isa = PBXFrameworksBuildPhase;
			buildActionMask = 2147483647;
			files = (
			);
			runOnlyForDeploymentPostprocessing = 0;
		};
/* End PBXFrameworksBuildPhase section */

/* Begin PBXGroup section */
		AF6F1E8A1B9C3AF600260C65 = {
			isa = PBXGroup;
			children = (
				AF6F1E951B9C3AF600260C65 /* EnumTests */,
				AF6F1EA41B9C3E5800260C65 /* Tests */,
				AF6F1E941B9C3AF600260C65 /* Products */,
			);
			sourceTree = "<group>";
		};
		AF6F1E941B9C3AF600260C65 /* Products */ = {
			isa = PBXGroup;
			children = (
				AF6F1E931B9C3AF600260C65 /* EnumTests */,
				AF6F1EA31B9C3E5800260C65 /* Tests.xctest */,
			);
			name = Products;
			sourceTree = "<group>";
		};
		AF6F1E951B9C3AF600260C65 /* EnumTests */ = {
			isa = PBXGroup;
			children = (
				AF6F1E961B9C3AF600260C65 /* main.swift */,
				AF6F1E9D1B9C3C5800260C65 /* Enum.swift */,
				AFB300C91B9C4D2A00E7F968 /* CustomRawEnum.swift */,
			);
			path = EnumTests;
			sourceTree = "<group>";
		};
		AF6F1EA41B9C3E5800260C65 /* Tests */ = {
			isa = PBXGroup;
			children = (
				AF6F1EA51B9C3E5800260C65 /* Tests.swift */,
				AF6F1EA71B9C3E5800260C65 /* Info.plist */,
			);
			path = Tests;
			sourceTree = "<group>";
		};
/* End PBXGroup section */

/* Begin PBXNativeTarget section */
		AF6F1E921B9C3AF600260C65 /* EnumTests */ = {
			isa = PBXNativeTarget;
			buildConfigurationList = AF6F1E9A1B9C3AF600260C65 /* Build configuration list for PBXNativeTarget "EnumTests" */;
			buildPhases = (
				AF6F1E8F1B9C3AF600260C65 /* Sources */,
				AF6F1E901B9C3AF600260C65 /* Frameworks */,
				AF6F1E911B9C3AF600260C65 /* CopyFiles */,
			);
			buildRules = (
			);
			dependencies = (
			);
			name = EnumTests;
			productName = EnumTests;
			productReference = AF6F1E931B9C3AF600260C65 /* EnumTests */;
			productType = "com.apple.product-type.tool";
		};
		AF6F1EA21B9C3E5800260C65 /* Tests */ = {
			isa = PBXNativeTarget;
			buildConfigurationList = AF6F1EA81B9C3E5800260C65 /* Build configuration list for PBXNativeTarget "Tests" */;
			buildPhases = (
				AF6F1E9F1B9C3E5800260C65 /* Sources */,
				AF6F1EA01B9C3E5800260C65 /* Frameworks */,
				AF6F1EA11B9C3E5800260C65 /* Resources */,
			);
			buildRules = (
			);
			dependencies = (
			);
			name = Tests;
			productName = Tests;
			productReference = AF6F1EA31B9C3E5800260C65 /* Tests.xctest */;
			productType = "com.apple.product-type.bundle.unit-test";
		};
/* End PBXNativeTarget section */

/* Begin PBXProject section */
		AF6F1E8B1B9C3AF600260C65 /* Project object */ = {
			isa = PBXProject;
			attributes = {
				LastUpgradeCheck = 0700;
				ORGANIZATIONNAME = "Kametrixom Tikara";
				TargetAttributes = {
					AF6F1E921B9C3AF600260C65 = {
						CreatedOnToolsVersion = 7.0;
					};
					AF6F1EA21B9C3E5800260C65 = {
						CreatedOnToolsVersion = 7.0;
					};
				};
			};
			buildConfigurationList = AF6F1E8E1B9C3AF600260C65 /* Build configuration list for PBXProject "EnumTests" */;
			compatibilityVersion = "Xcode 3.2";
			developmentRegion = English;
			hasScannedForEncodings = 0;
			knownRegions = (
				en,
			);
			mainGroup = AF6F1E8A1B9C3AF600260C65;
			productRefGroup = AF6F1E941B9C3AF600260C65 /* Products */;
			projectDirPath = "";
			projectRoot = "";
			targets = (
				AF6F1E921B9C3AF600260C65 /* EnumTests */,
				AF6F1EA21B9C3E5800260C65 /* Tests */,
			);
		};
/* End PBXProject section */

/* Begin PBXResourcesBuildPhase section */
		AF6F1EA11B9C3E5800260C65 /* Resources */ = {
			isa = PBXResourcesBuildPhase;
			buildActionMask = 2147483647;
			files = (
			);
			runOnlyForDeploymentPostprocessing = 0;
		};
/* End PBXResourcesBuildPhase section */

/* Begin PBXSourcesBuildPhase section */
		AF6F1E8F1B9C3AF600260C65 /* Sources */ = {
			isa = PBXSourcesBuildPhase;
			buildActionMask = 2147483647;
			files = (
				AFB300CA1B9C4D2A00E7F968 /* CustomRawEnum.swift in Sources */,
				AF6F1E9E1B9C3C5800260C65 /* Enum.swift in Sources */,
				AF6F1E971B9C3AF600260C65 /* main.swift in Sources */,
			);
			runOnlyForDeploymentPostprocessing = 0;
		};
		AF6F1E9F1B9C3E5800260C65 /* Sources */ = {
			isa = PBXSourcesBuildPhase;
			buildActionMask = 2147483647;
			files = (
				AFB300CB1B9C509400E7F968 /* CustomRawEnum.swift in Sources */,
				AF6F1EAB1B9C3E5F00260C65 /* Enum.swift in Sources */,
				AF6F1EA61B9C3E5800260C65 /* Tests.swift in Sources */,
			);
			runOnlyForDeploymentPostprocessing = 0;
		};
/* End PBXSourcesBuildPhase section */

/* Begin XCBuildConfiguration section */
		AF6F1E981B9C3AF600260C65 /* Debug */ = {
			isa = XCBuildConfiguration;
			buildSettings = {
				ALWAYS_SEARCH_USER_PATHS = NO;
				CLANG_CXX_LANGUAGE_STANDARD = "gnu++0x";
				CLANG_CXX_LIBRARY = "libc++";
				CLANG_ENABLE_MODULES = YES;
				CLANG_ENABLE_OBJC_ARC = YES;
				CLANG_WARN_BOOL_CONVERSION = YES;
				CLANG_WARN_CONSTANT_CONVERSION = YES;
				CLANG_WARN_DIRECT_OBJC_ISA_USAGE = YES_ERROR;
				CLANG_WARN_EMPTY_BODY = YES;
				CLANG_WARN_ENUM_CONVERSION = YES;
				CLANG_WARN_INT_CONVERSION = YES;
				CLANG_WARN_OBJC_ROOT_CLASS = YES_ERROR;
				CLANG_WARN_UNREACHABLE_CODE = YES;
				CLANG_WARN__DUPLICATE_METHOD_MATCH = YES;
				COPY_PHASE_STRIP = NO;
				DEBUG_INFORMATION_FORMAT = dwarf;
				ENABLE_STRICT_OBJC_MSGSEND = YES;
				ENABLE_TESTABILITY = YES;
				GCC_C_LANGUAGE_STANDARD = gnu99;
				GCC_DYNAMIC_NO_PIC = NO;
				GCC_NO_COMMON_BLOCKS = YES;
				GCC_OPTIMIZATION_LEVEL = 0;
				GCC_PREPROCESSOR_DEFINITIONS = (
					"DEBUG=1",
					"$(inherited)",
				);
				GCC_WARN_64_TO_32_BIT_CONVERSION = YES;
				GCC_WARN_ABOUT_RETURN_TYPE = YES_ERROR;
				GCC_WARN_UNDECLARED_SELECTOR = YES;
				GCC_WARN_UNINITIALIZED_AUTOS = YES_AGGRESSIVE;
				GCC_WARN_UNUSED_FUNCTION = YES;
				GCC_WARN_UNUSED_VARIABLE = YES;
				MACOSX_DEPLOYMENT_TARGET = 10.11;
				MTL_ENABLE_DEBUG_INFO = YES;
				ONLY_ACTIVE_ARCH = YES;
				SDKROOT = macosx;
				SWIFT_OPTIMIZATION_LEVEL = "-Onone";
			};
			name = Debug;
		};
		AF6F1E991B9C3AF600260C65 /* Release */ = {
			isa = XCBuildConfiguration;
			buildSettings = {
				ALWAYS_SEARCH_USER_PATHS = NO;
				CLANG_CXX_LANGUAGE_STANDARD = "gnu++0x";
				CLANG_CXX_LIBRARY = "libc++";
				CLANG_ENABLE_MODULES = YES;
				CLANG_ENABLE_OBJC_ARC = YES;
				CLANG_WARN_BOOL_CONVERSION = YES;
				CLANG_WARN_CONSTANT_CONVERSION = YES;
				CLANG_WARN_DIRECT_OBJC_ISA_USAGE = YES_ERROR;
				CLANG_WARN_EMPTY_BODY = YES;
				CLANG_WARN_ENUM_CONVERSION = YES;
				CLANG_WARN_INT_CONVERSION = YES;
				CLANG_WARN_OBJC_ROOT_CLASS = YES_ERROR;
				CLANG_WARN_UNREACHABLE_CODE = YES;
				CLANG_WARN__DUPLICATE_METHOD_MATCH = YES;
				COPY_PHASE_STRIP = NO;
				DEBUG_INFORMATION_FORMAT = "dwarf-with-dsym";
				ENABLE_NS_ASSERTIONS = NO;
				ENABLE_STRICT_OBJC_MSGSEND = YES;
				GCC_C_LANGUAGE_STANDARD = gnu99;
				GCC_NO_COMMON_BLOCKS = YES;
				GCC_WARN_64_TO_32_BIT_CONVERSION = YES;
				GCC_WARN_ABOUT_RETURN_TYPE = YES_ERROR;
				GCC_WARN_UNDECLARED_SELECTOR = YES;
				GCC_WARN_UNINITIALIZED_AUTOS = YES_AGGRESSIVE;
				GCC_WARN_UNUSED_FUNCTION = YES;
				GCC_WARN_UNUSED_VARIABLE = YES;
				MACOSX_DEPLOYMENT_TARGET = 10.11;
				MTL_ENABLE_DEBUG_INFO = NO;
				SDKROOT = macosx;
			};
			name = Release;
		};
		AF6F1E9B1B9C3AF600260C65 /* Debug */ = {
			isa = XCBuildConfiguration;
			buildSettings = {
				PRODUCT_NAME = "$(TARGET_NAME)";
			};
			name = Debug;
		};
		AF6F1E9C1B9C3AF600260C65 /* Release */ = {
			isa = XCBuildConfiguration;
			buildSettings = {
				PRODUCT_NAME = "$(TARGET_NAME)";
			};
			name = Release;
		};
		AF6F1EA91B9C3E5800260C65 /* Debug */ = {
			isa = XCBuildConfiguration;
			buildSettings = {
				COMBINE_HIDPI_IMAGES = YES;
				INFOPLIST_FILE = Tests/Info.plist;
				LD_RUNPATH_SEARCH_PATHS = "$(inherited) @executable_path/../Frameworks @loader_path/../Frameworks";
				PRODUCT_BUNDLE_IDENTIFIER = com.kametrixom.tikara.Tests;
				PRODUCT_NAME = "$(TARGET_NAME)";
			};
			name = Debug;
		};
		AF6F1EAA1B9C3E5800260C65 /* Release */ = {
			isa = XCBuildConfiguration;
			buildSettings = {
				COMBINE_HIDPI_IMAGES = YES;
				INFOPLIST_FILE = Tests/Info.plist;
				LD_RUNPATH_SEARCH_PATHS = "$(inherited) @executable_path/../Frameworks @loader_path/../Frameworks";
				PRODUCT_BUNDLE_IDENTIFIER = com.kametrixom.tikara.Tests;
				PRODUCT_NAME = "$(TARGET_NAME)";
			};
			name = Release;
		};
/* End XCBuildConfiguration section */

/* Begin XCConfigurationList section */
		AF6F1E8E1B9C3AF600260C65 /* Build configuration list for PBXProject "EnumTests" */ = {
			isa = XCConfigurationList;
			buildConfigurations = (
				AF6F1E981B9C3AF600260C65 /* Debug */,
				AF6F1E991B9C3AF600260C65 /* Release */,
			);
			defaultConfigurationIsVisible = 0;
			defaultConfigurationName = Release;
		};
		AF6F1E9A1B9C3AF600260C65 /* Build configuration list for PBXNativeTarget "EnumTests" */ = {
			isa = XCConfigurationList;
			buildConfigurations = (
				AF6F1E9B1B9C3AF600260C65 /* Debug */,
				AF6F1E9C1B9C3AF600260C65 /* Release */,
			);
			defaultConfigurationIsVisible = 0;
			defaultConfigurationName = Release;
		};
		AF6F1EA81B9C3E5800260C65 /* Build configuration list for PBXNativeTarget "Tests" */ = {
			isa = XCConfigurationList;
			buildConfigurations = (
				AF6F1EA91B9C3E5800260C65 /* Debug */,
				AF6F1EAA1B9C3E5800260C65 /* Release */,
			);
			defaultConfigurationIsVisible = 0;
			defaultConfigurationName = Release;
		};
/* End XCConfigurationList section */
	};
	rootObject = AF6F1E8B1B9C3AF600260C65 /* Project object */;
}
